
Microsoft Visual Studio Solution File, Format Version 12.00
# Visual Studio Version 17
VisualStudioVersion = 17.5.33627.172
MinimumVisualStudioVersion = 10.0.40219.1
Project("{FAE04EC0-301F-11D3-BF4B-00C04F79EFBC}") = "SampleWebApp", "SampleWebApp\SampleWebApp.csproj", "{D33A26DA-8337-4C28-B850-6AAD6105D2EC}"
EndProject
Global
	GlobalSection(SolutionConfigurationPlatforms) = preSolution
		Debug|Any CPU = Debug|Any CPU
		Release|Any CPU = Release|Any CPU
	EndGlobalSection
	GlobalSection(ProjectConfigurationPlatforms) = postSolution
		{D33A26DA-8337-4C28-B850-6AAD6105D2EC}.Debug|Any CPU.ActiveCfg = Debug|Any CPU
		{D33A26DA-8337-4C28-B850-6AAD6105D2EC}.Debug|Any CPU.Build.0 = Debug|Any CPU
		{D33A26DA-8337-4C28-B850-6AAD6105D2EC}.Release|Any CPU.ActiveCfg = Release|Any CPU
		{D33A26DA-8337-4C28-B850-6AAD6105D2EC}.Release|Any CPU.Build.0 = Release|Any CPU
	EndGlobalSection
	GlobalSection(SolutionProperties) = preSolution
		HideSolutionNode = FALSE
	EndGlobalSection
	GlobalSection(ExtensibilityGlobals) = postSolution
		SolutionGuid = {21F6A156-BB6B-4D8F-BFAB-C5C4B6CC570B}
	EndGlobalSection
EndGlobal
